
Microsoft Visual Studio Solution File, Format Version 12.00
# Visual Studio Version 16
VisualStudioVersion = 16.0.31112.23
MinimumVisualStudioVersion = 10.0.40219.1
Project("{8BC9CEB8-8B4A-11D0-8D11-00A0C91BC942}") = "bfs", "bfs\bfs.vcxproj", "{B64A98E3-2E01-409E-A21C-BE196E00CBFE}"
EndProject
Project("{8BC9CEB8-8B4A-11D0-8D11-00A0C91BC942}") = "dfs", "dfs\dfs.vcxproj", "{CE626AE7-75E2-411A-BE3B-DF1B7DC0444F}"
EndProject
Project("{8BC9CEB8-8B4A-11D0-8D11-00A0C91BC942}") = "useful functions", "useful functions\useful functions.vcxproj", "{B3A3F58C-3BFE-4F9B-B882-6EDD476F7EB0}"
EndProject
Global
	GlobalSection(SolutionConfigurationPlatforms) = preSolution
		Debug|x64 = Debug|x64
		Debug|x86 = Debug|x86
		Release|x64 = Release|x64
		Release|x86 = Release|x86
	EndGlobalSection
	GlobalSection(ProjectConfigurationPlatforms) = postSolution
		{B64A98E3-2E01-409E-A21C-BE196E00CBFE}.Debug|x64.ActiveCfg = Debug|x64
		{B64A98E3-2E01-409E-A21C-BE196E00CBFE}.Debug|x64.Build.0 = Debug|x64
		{B64A98E3-2E01-409E-A21C-BE196E00CBFE}.Debug|x86.ActiveCfg = Debug|Win32
		{B64A98E3-2E01-409E-A21C-BE196E00CBFE}.Debug|x86.Build.0 = Debug|Win32
		{B64A98E3-2E01-409E-A21C-BE196E00CBFE}.Release|x64.ActiveCfg = Release|x64
		{B64A98E3-2E01-409E-A21C-BE196E00CBFE}.Release|x64.Build.0 = Release|x64
		{B64A98E3-2E01-409E-A21C-BE196E00CBFE}.Release|x86.ActiveCfg = Release|Win32
		{B64A98E3-2E01-409E-A21C-BE196E00CBFE}.Release|x86.Build.0 = Release|Win32
		{CE626AE7-75E2-411A-BE3B-DF1B7DC0444F}.Debug|x64.ActiveCfg = Debug|x64
		{CE626AE7-75E2-411A-BE3B-DF1B7DC0444F}.Debug|x64.Build.0 = Debug|x64
		{CE626AE7-75E2-411A-BE3B-DF1B7DC0444F}.Debug|x86.ActiveCfg = Debug|Win32
		{CE626AE7-75E2-411A-BE3B-DF1B7DC0444F}.Debug|x86.Build.0 = Debug|Win32
		{CE626AE7-75E2-411A-BE3B-DF1B7DC0444F}.Release|x64.ActiveCfg = Release|x64
		{CE626AE7-75E2-411A-BE3B-DF1B7DC0444F}.Release|x64.Build.0 = Release|x64
		{CE626AE7-75E2-411A-BE3B-DF1B7DC0444F}.Release|x86.ActiveCfg = Release|Win32
		{CE626AE7-75E2-411A-BE3B-DF1B7DC0444F}.Release|x86.Build.0 = Release|Win32
		{B3A3F58C-3BFE-4F9B-B882-6EDD476F7EB0}.Debug|x64.ActiveCfg = Debug|x64
		{B3A3F58C-3BFE-4F9B-B882-6EDD476F7EB0}.Debug|x64.Build.0 = Debug|x64
		{B3A3F58C-3BFE-4F9B-B882-6EDD476F7EB0}.Debug|x86.ActiveCfg = Debug|Win32
		{B3A3F58C-3BFE-4F9B-B882-6EDD476F7EB0}.Debug|x86.Build.0 = Debug|Win32
		{B3A3F58C-3BFE-4F9B-B882-6EDD476F7EB0}.Release|x64.ActiveCfg = Release|x64
		{B3A3F58C-3BFE-4F9B-B882-6EDD476F7EB0}.Release|x64.Build.0 = Release|x64
		{B3A3F58C-3BFE-4F9B-B882-6EDD476F7EB0}.Release|x86.ActiveCfg = Release|Win32
		{B3A3F58C-3BFE-4F9B-B882-6EDD476F7EB0}.Release|x86.Build.0 = Release|Win32
	EndGlobalSection
	GlobalSection(SolutionProperties) = preSolution
		HideSolutionNode = FALSE
	EndGlobalSection
	GlobalSection(ExtensibilityGlobals) = postSolution
		SolutionGuid = {468F3C4A-CA29-475F-8496-7EDD8ADB7783}
	EndGlobalSection
EndGlobal
